<?xml version="1.0" encoding="utf-8"?>
<Project ToolsVersion="4.0" xmlns="http://schemas.microsoft.com/developer/msbuild/2003">
  <ItemGroup>
    <Filter Include="src">
      <UniqueIdentifier>{1cad52a3-9ec8-4b43-9a5f-b223197d5c08}</UniqueIdentifier>
    </Filter>
    <Filter Include="src\vulkan">
      <UniqueIdentifier>{e732575d-8023-4426-8a08-55d352716c45}</UniqueIdentifier>
    </Filter>
    <Filter Include="src\utility">
      <UniqueIdentifier>{e47e188f-e35b-4c5b-86a8-c8959806ed79}</UniqueIdentifier>
    </Filter>
    <Filter Include="src\window">
      <UniqueIdentifier>{4a5f243e-e7cf-428e-aeda-c7d1eac74291}</UniqueIdentifier>
    </Filter>
    <Filter Include="src\input">
      <UniqueIdentifier>{9673f507-7486-4be3-9181-a56249712c29}</UniqueIdentifier>
    </Filter>
    <Filter Include="src\vulkan\pipelines">
      <UniqueIdentifier>{48ec4212-e305-46ed-bb23-fa341e1a761d}</UniqueIdentifier>
    </Filter>
    <Filter Include="src\imgui">
      <UniqueIdentifier>{918cca7a-dee0-4ba4-a135-672f2de30aa0}</UniqueIdentifier>
    </Filter>
  </ItemGroup>
  <ItemGroup>
    <ClCompile Include="src\main.cpp">
      <Filter>src</Filter>
    </ClCompile>
    <ClCompile Include="src\vulkan\volk.c">
      <Filter>src\vulkan</Filter>
    </ClCompile>
    <ClCompile Include="src\utility\Utility.cpp">
      <Filter>src\utility</Filter>
    </ClCompile>
    <ClCompile Include="src\utility\ContainerUtility.cpp">
      <Filter>src\utility</Filter>
    </ClCompile>
    <ClCompile Include="src\window\Window.cpp">
      <Filter>src\window</Filter>
    </ClCompile>
    <ClCompile Include="src\input\UserInput.cpp">
      <Filter>src\input</Filter>
    </ClCompile>
    <ClCompile Include="src\utility\Timer.cpp">
      <Filter>src\utility</Filter>
    </ClCompile>
    <ClCompile Include="src\vulkan\VKContext.cpp">
      <Filter>src\vulkan</Filter>
    </ClCompile>
    <ClCompile Include="src\vulkan\SwapChain.cpp">
      <Filter>src\vulkan</Filter>
    </ClCompile>
    <ClCompile Include="src\vulkan\Renderer.cpp">
      <Filter>src\vulkan</Filter>
    </ClCompile>
    <ClCompile Include="src\vulkan\pipelines\ShaderModule.cpp">
      <Filter>src\vulkan\pipelines</Filter>
    </ClCompile>
    <ClCompile Include="src\vulkan\pipelines\ShadowPipeline.cpp">
      <Filter>src\vulkan\pipelines</Filter>
    </ClCompile>
    <ClCompile Include="src\vulkan\VKUtility.cpp">
      <Filter>src\vulkan</Filter>
    </ClCompile>
    <ClCompile Include="src\vulkan\Mesh.cpp">
      <Filter>src\vulkan</Filter>
    </ClCompile>
    <ClCompile Include="src\input\ArcBallCamera.cpp">
      <Filter>src\input</Filter>
    </ClCompile>
    <ClCompile Include="src\vulkan\Texture.cpp">
      <Filter>src\vulkan</Filter>
    </ClCompile>
    <ClCompile Include="src\vulkan\pipelines\SkyboxPipeline.cpp">
      <Filter>src\vulkan\pipelines</Filter>
    </ClCompile>
    <ClCompile Include="src\vulkan\pipelines\SSSBlurPipeline.cpp">
      <Filter>src\vulkan\pipelines</Filter>
    </ClCompile>
    <ClCompile Include="src\vulkan\pipelines\PostprocessingPipeline.cpp">
      <Filter>src\vulkan\pipelines</Filter>
    </ClCompile>
    <ClCompile Include="src\vulkan\pipelines\LightingPipeline.cpp">
      <Filter>src\vulkan\pipelines</Filter>
    </ClCompile>
    <ClCompile Include="src\imgui\imgui.cpp">
      <Filter>src\imgui</Filter>
    </ClCompile>
    <ClCompile Include="src\imgui\imgui_demo.cpp">
      <Filter>src\imgui</Filter>
    </ClCompile>
    <ClCompile Include="src\imgui\imgui_draw.cpp">
      <Filter>src\imgui</Filter>
    </ClCompile>
    <ClCompile Include="src\imgui\imgui_impl_glfw.cpp">
      <Filter>src\imgui</Filter>
    </ClCompile>
    <ClCompile Include="src\imgui\imgui_impl_vulkan.cpp">
      <Filter>src\imgui</Filter>
    </ClCompile>
    <ClCompile Include="src\imgui\imgui_widgets.cpp">
      <Filter>src\imgui</Filter>
    </ClCompile>
    <ClCompile Include="src\vulkan\RenderResources.cpp">
      <Filter>src\vulkan</Filter>
    </ClCompile>
    <ClCompile Include="src\vulkan\Buffer.cpp">
      <Filter>src\vulkan</Filter>
    </ClCompile>
    <ClCompile Include="src\vulkan\Image.cpp">
      <Filter>src\vulkan</Filter>
    </ClCompile>
  </ItemGroup>
  <ItemGroup>
    <ClInclude Include="src\vulkan\volk.h">
      <Filter>src\vulkan</Filter>
    </ClInclude>
    <ClInclude Include="src\utility\Utility.h">
      <Filter>src\utility</Filter>
    </ClInclude>
    <ClInclude Include="src\utility\ContainerUtility.h">
      <Filter>src\utility</Filter>
    </ClInclude>
    <ClInclude Include="src\window\Window.h">
      <Filter>src\window</Filter>
    </ClInclude>
    <ClInclude Include="src\input\IInputListener.h">
      <Filter>src\input</Filter>
    </ClInclude>
    <ClInclude Include="src\input\InputTokens.h">
      <Filter>src\input</Filter>
    </ClInclude>
    <ClInclude Include="src\input\UserInput.h">
      <Filter>src\input</Filter>
    </ClInclude>
    <ClInclude Include="src\utility\Timer.h">
      <Filter>src\utility</Filter>
    </ClInclude>
    <ClInclude Include="src\vulkan\VKContext.h">
      <Filter>src\vulkan</Filter>
    </ClInclude>
    <ClInclude Include="src\vulkan\SwapChain.h">
      <Filter>src\vulkan</Filter>
    </ClInclude>
    <ClInclude Include="src\vulkan\Renderer.h">
      <Filter>src\vulkan</Filter>
    </ClInclude>
    <ClInclude Include="src\vulkan\pipelines\ShaderModule.h">
      <Filter>src\vulkan\pipelines</Filter>
    </ClInclude>
    <ClInclude Include="src\vulkan\pipelines\ShadowPipeline.h">
      <Filter>src\vulkan\pipelines</Filter>
    </ClInclude>
    <ClInclude Include="src\vulkan\VKUtility.h">
      <Filter>src\vulkan</Filter>
    </ClInclude>
    <ClInclude Include="src\vulkan\Mesh.h">
      <Filter>src\vulkan</Filter>
    </ClInclude>
    <ClInclude Include="src\input\ArcBallCamera.h">
      <Filter>src\input</Filter>
    </ClInclude>
    <ClInclude Include="src\vulkan\Texture.h">
      <Filter>src\vulkan</Filter>
    </ClInclude>
    <ClInclude Include="src\vulkan\pipelines\SkyboxPipeline.h">
      <Filter>src\vulkan\pipelines</Filter>
    </ClInclude>
    <ClInclude Include="src\vulkan\pipelines\SSSBlurPipeline.h">
      <Filter>src\vulkan\pipelines</Filter>
    </ClInclude>
    <ClInclude Include="src\vulkan\pipelines\PostprocessingPipeline.h">
      <Filter>src\vulkan\pipelines</Filter>
    </ClInclude>
    <ClInclude Include="src\vulkan\Material.h">
      <Filter>src\vulkan</Filter>
    </ClInclude>
    <ClInclude Include="src\vulkan\pipelines\LightingPipeline.h">
      <Filter>src\vulkan\pipelines</Filter>
    </ClInclude>
    <ClInclude Include="src\imgui\imconfig.h">
      <Filter>src\imgui</Filter>
    </ClInclude>
    <ClInclude Include="src\imgui\imgui.h">
      <Filter>src\imgui</Filter>
    </ClInclude>
    <ClInclude Include="src\imgui\imgui_impl_glfw.h">
      <Filter>src\imgui</Filter>
    </ClInclude>
    <ClInclude Include="src\imgui\imgui_impl_vulkan.h">
      <Filter>src\imgui</Filter>
    </ClInclude>
    <ClInclude Include="src\imgui\imgui_internal.h">
      <Filter>src\imgui</Filter>
    </ClInclude>
    <ClInclude Include="src\imgui\imstb_rectpack.h">
      <Filter>src\imgui</Filter>
    </ClInclude>
    <ClInclude Include="src\imgui\imstb_textedit.h">
      <Filter>src\imgui</Filter>
    </ClInclude>
    <ClInclude Include="src\imgui\imstb_truetype.h">
      <Filter>src\imgui</Filter>
    </ClInclude>
    <ClInclude Include="src\vulkan\RenderResources.h">
      <Filter>src\vulkan</Filter>
    </ClInclude>
    <ClInclude Include="src\vulkan\Image.h">
      <Filter>src\vulkan</Filter>
    </ClInclude>
    <ClInclude Include="src\vulkan\Buffer.h">
      <Filter>src\vulkan</Filter>
    </ClInclude>
  </ItemGroup>
</Project>