
Microsoft Visual Studio Solution File, Format Version 12.00
# Visual Studio 15
VisualStudioVersion = 15.0.28307.539
MinimumVisualStudioVersion = 10.0.40219.1
Project("{8BC9CEB8-8B4A-11D0-8D11-00A0C91BC942}") = "SubsurfaceScattering", "SubsurfaceScattering\SubsurfaceScattering.vcxproj", "{511CDE33-B6EE-4FEE-81FE-9B3A2C32BA10}"
EndProject
Project("{8BC9CEB8-8B4A-11D0-8D11-00A0C91BC942}") = "WavefrontObjToBinaryConverter", "WavefrontObjToBinaryConverter\WavefrontObjToBinaryConverter.vcxproj", "{7A64BC5D-899C-4E41-918E-E68FF6FB0848}"
EndProject
Global
	GlobalSection(SolutionConfigurationPlatforms) = preSolution
		Debug|x64 = Debug|x64
		Debug|x86 = Debug|x86
		Release|x64 = Release|x64
		Release|x86 = Release|x86
	EndGlobalSection
	GlobalSection(ProjectConfigurationPlatforms) = postSolution
		{511CDE33-B6EE-4FEE-81FE-9B3A2C32BA10}.Debug|x64.ActiveCfg = Debug|x64
		{511CDE33-B6EE-4FEE-81FE-9B3A2C32BA10}.Debug|x64.Build.0 = Debug|x64
		{511CDE33-B6EE-4FEE-81FE-9B3A2C32BA10}.Debug|x86.ActiveCfg = Debug|Win32
		{511CDE33-B6EE-4FEE-81FE-9B3A2C32BA10}.Debug|x86.Build.0 = Debug|Win32
		{511CDE33-B6EE-4FEE-81FE-9B3A2C32BA10}.Release|x64.ActiveCfg = Release|x64
		{511CDE33-B6EE-4FEE-81FE-9B3A2C32BA10}.Release|x64.Build.0 = Release|x64
		{511CDE33-B6EE-4FEE-81FE-9B3A2C32BA10}.Release|x86.ActiveCfg = Release|Win32
		{511CDE33-B6EE-4FEE-81FE-9B3A2C32BA10}.Release|x86.Build.0 = Release|Win32
		{7A64BC5D-899C-4E41-918E-E68FF6FB0848}.Debug|x64.ActiveCfg = Debug|x64
		{7A64BC5D-899C-4E41-918E-E68FF6FB0848}.Debug|x64.Build.0 = Debug|x64
		{7A64BC5D-899C-4E41-918E-E68FF6FB0848}.Debug|x86.ActiveCfg = Debug|Win32
		{7A64BC5D-899C-4E41-918E-E68FF6FB0848}.Debug|x86.Build.0 = Debug|Win32
		{7A64BC5D-899C-4E41-918E-E68FF6FB0848}.Release|x64.ActiveCfg = Release|x64
		{7A64BC5D-899C-4E41-918E-E68FF6FB0848}.Release|x64.Build.0 = Release|x64
		{7A64BC5D-899C-4E41-918E-E68FF6FB0848}.Release|x86.ActiveCfg = Release|Win32
		{7A64BC5D-899C-4E41-918E-E68FF6FB0848}.Release|x86.Build.0 = Release|Win32
	EndGlobalSection
	GlobalSection(SolutionProperties) = preSolution
		HideSolutionNode = FALSE
	EndGlobalSection
	GlobalSection(ExtensibilityGlobals) = postSolution
		SolutionGuid = {EC3D08F2-CA8B-4162-B5C0-31E25318AFBF}
	EndGlobalSection
EndGlobal
